
Microsoft Visual Studio Solution File, Format Version 12.00
# Visual Studio Version 17
VisualStudioVersion = 17.3.32804.467
MinimumVisualStudioVersion = 10.0.40219.1
Project("{FAE04EC0-301F-11D3-BF4B-00C04F79EFBC}") = "CRUDPessoas", "CadastroPessoas\CRUDPessoas.csproj", "{388A521C-56DA-4036-A95C-2F270B0B3475}"
EndProject
Global
	GlobalSection(SolutionConfigurationPlatforms) = preSolution
		Debug|Any CPU = Debug|Any CPU
		Release|Any CPU = Release|Any CPU
	EndGlobalSection
	GlobalSection(ProjectConfigurationPlatforms) = postSolution
		{388A521C-56DA-4036-A95C-2F270B0B3475}.Debug|Any CPU.ActiveCfg = Debug|Any CPU
		{388A521C-56DA-4036-A95C-2F270B0B3475}.Debug|Any CPU.Build.0 = Debug|Any CPU
		{388A521C-56DA-4036-A95C-2F270B0B3475}.Release|Any CPU.ActiveCfg = Release|Any CPU
		{388A521C-56DA-4036-A95C-2F270B0B3475}.Release|Any CPU.Build.0 = Release|Any CPU
	EndGlobalSection
	GlobalSection(SolutionProperties) = preSolution
		HideSolutionNode = FALSE
	EndGlobalSection
	GlobalSection(ExtensibilityGlobals) = postSolution
		SolutionGuid = {95090628-730B-4DD7-A44F-EA649785FD3B}
	EndGlobalSection
EndGlobal
